{
    "_meta": {
        "hash": {
            "sha256": "f95875913ffa209d5a0a0ff0443f03c339029afd8857c2f3c7fe30945799d4e8"
        },
        "pipfile-spec": 6,
        "requires": {
            "python_version": "3.9"
        },
        "sources": [
            {
                "name": "pypi",
                "url": "https://pypi.org/simple",
                "verify_ssl": true
            }
        ]
    },
    "default": {
        "bcrypt": {
            "hashes": [
                "sha256:5b93c1726e50a93a033c36e5ca7fdcd29a5c7395af50a6892f5d9e7c6cfbfb29",
                "sha256:63d4e3ff96188e5898779b6057878fecf3f11cfe6ec3b313ea09955d587ec7a7",
                "sha256:81fec756feff5b6818ea7ab031205e1d323d8943d237303baca2c5f9c7846f34",
                "sha256:a67fb841b35c28a59cebed05fbd3e80eea26e6d75851f0574a9273c80f3e9b55",
                "sha256:c95d4cbebffafcdd28bd28bb4e25b31c50f6da605c81ffd9ad8a3d1b2ab7b1b6",
                "sha256:cd1ea2ff3038509ea95f687256c46b79f5fc382ad0aa3664d200047546d511d1",
                "sha256:cdcdcb3972027f83fe24a48b1e90ea4b584d35f1cc279d76de6fc4b13376239d"
            ],
            "index": "pypi",
            "version": "==3.2.0"
        },
        "bidict": {
            "hashes": [
                "sha256:4fa46f7ff96dc244abfc437383d987404ae861df797e2fd5b190e233c302be09",
                "sha256:929d056e8d0d9b17ceda20ba5b24ac388e2a4d39802b87f9f4d3f45ecba070bf"
            ],
            "markers": "python_version >= '3.6'",
            "version": "==0.21.2"
        },
        "cffi": {
            "hashes": [
                "sha256:00a1ba5e2e95684448de9b89888ccd02c98d512064b4cb987d48f4b40aa0421e",
                "sha256:00e28066507bfc3fe865a31f325c8391a1ac2916219340f87dfad602c3e48e5d",
                "sha256:045d792900a75e8b1e1b0ab6787dd733a8190ffcf80e8c8ceb2fb10a29ff238a",
                "sha256:0638c3ae1a0edfb77c6765d487fee624d2b1ee1bdfeffc1f0b58c64d149e7eec",
                "sha256:105abaf8a6075dc96c1fe5ae7aae073f4696f2905fde6aeada4c9d2926752362",
                "sha256:155136b51fd733fa94e1c2ea5211dcd4c8879869008fc811648f16541bf99668",
                "sha256:1a465cbe98a7fd391d47dce4b8f7e5b921e6cd805ef421d04f5f66ba8f06086c",
                "sha256:1d2c4994f515e5b485fd6d3a73d05526aa0fcf248eb135996b088d25dfa1865b",
                "sha256:2c24d61263f511551f740d1a065eb0212db1dbbbbd241db758f5244281590c06",
                "sha256:51a8b381b16ddd370178a65360ebe15fbc1c71cf6f584613a7ea08bfad946698",
                "sha256:594234691ac0e9b770aee9fcdb8fa02c22e43e5c619456efd0d6c2bf276f3eb2",
                "sha256:5cf4be6c304ad0b6602f5c4e90e2f59b47653ac1ed9c662ed379fe48a8f26b0c",
                "sha256:64081b3f8f6f3c3de6191ec89d7dc6c86a8a43911f7ecb422c60e90c70be41c7",
                "sha256:6bc25fc545a6b3d57b5f8618e59fc13d3a3a68431e8ca5fd4c13241cd70d0009",
                "sha256:798caa2a2384b1cbe8a2a139d80734c9db54f9cc155c99d7cc92441a23871c03",
                "sha256:7c6b1dece89874d9541fc974917b631406233ea0440d0bdfbb8e03bf39a49b3b",
                "sha256:840793c68105fe031f34d6a086eaea153a0cd5c491cde82a74b420edd0a2b909",
                "sha256:8d6603078baf4e11edc4168a514c5ce5b3ba6e3e9c374298cb88437957960a53",
                "sha256:9cc46bc107224ff5b6d04369e7c595acb700c3613ad7bcf2e2012f62ece80c35",
                "sha256:9f7a31251289b2ab6d4012f6e83e58bc3b96bd151f5b5262467f4bb6b34a7c26",
                "sha256:9ffb888f19d54a4d4dfd4b3f29bc2c16aa4972f1c2ab9c4ab09b8ab8685b9c2b",
                "sha256:a5ed8c05548b54b998b9498753fb9cadbfd92ee88e884641377d8a8b291bcc01",
                "sha256:a7711edca4dcef1a75257b50a2fbfe92a65187c47dab5a0f1b9b332c5919a3fb",
                "sha256:af5c59122a011049aad5dd87424b8e65a80e4a6477419c0c1015f73fb5ea0293",
                "sha256:b18e0a9ef57d2b41f5c68beefa32317d286c3d6ac0484efd10d6e07491bb95dd",
                "sha256:b4e248d1087abf9f4c10f3c398896c87ce82a9856494a7155823eb45a892395d",
                "sha256:ba4e9e0ae13fc41c6b23299545e5ef73055213e466bd107953e4a013a5ddd7e3",
                "sha256:c6332685306b6417a91b1ff9fae889b3ba65c2292d64bd9245c093b1b284809d",
                "sha256:d5ff0621c88ce83a28a10d2ce719b2ee85635e85c515f12bac99a95306da4b2e",
                "sha256:d9efd8b7a3ef378dd61a1e77367f1924375befc2eba06168b6ebfa903a5e59ca",
                "sha256:df5169c4396adc04f9b0a05f13c074df878b6052430e03f50e68adf3a57aa28d",
                "sha256:ebb253464a5d0482b191274f1c8bf00e33f7e0b9c66405fbffc61ed2c839c775",
                "sha256:ec80dc47f54e6e9a78181ce05feb71a0353854cc26999db963695f950b5fb375",
                "sha256:f032b34669220030f905152045dfa27741ce1a6db3324a5bc0b96b6c7420c87b",
                "sha256:f60567825f791c6f8a592f3c6e3bd93dd2934e3f9dac189308426bd76b00ef3b",
                "sha256:f803eaa94c2fcda012c047e62bc7a51b0bdabda1cad7a92a522694ea2d76e49f"
            ],
            "version": "==1.14.4"
        },
        "click": {
            "hashes": [
                "sha256:d2b5255c7c6349bc1bd1e59e08cd12acbbd63ce649f2588755783aa94dfb6b1a",
                "sha256:dacca89f4bfadd5de3d7489b7c8a566eee0d3676333fbb50030263894c38c0dc"
            ],
            "markers": "python_version >= '2.7' and python_version not in '3.0, 3.1, 3.2, 3.3, 3.4'",
            "version": "==7.1.2"
        },
        "flake8": {
            "hashes": [
                "sha256:749dbbd6bfd0cf1318af27bf97a14e28e5ff548ef8e5b1566ccfb25a11e7c839",
                "sha256:aadae8761ec651813c24be05c6f7b4680857ef6afaae4651a4eccaef97ce6c3b"
            ],
            "markers": "python_version >= '2.7' and python_version not in '3.0, 3.1, 3.2, 3.3'",
            "version": "==3.8.4"
        },
        "flake8-flask": {
            "hashes": [
                "sha256:1d4beb6ed69bc6f8a8f97a64ebeca681eee936fa2c8793d678aed5dad5aa054a",
                "sha256:8be2dfbad5fec26e83037c634d82966544480c0aa697fb8185d14c9918e1cc14"
            ],
            "index": "pypi",
            "version": "==0.9.3"
        },
        "flask": {
            "hashes": [
                "sha256:4efa1ae2d7c9865af48986de8aeb8504bf32c7f3d6fdc9353d34b21f4b127060",
                "sha256:8a4fdd8936eba2512e9c85df320a37e694c93945b33ef33c89946a340a238557"
            ],
            "index": "pypi",
            "version": "==1.1.2"
        },
        "flask-cors": {
            "hashes": [
                "sha256:6bcfc100288c5d1bcb1dbb854babd59beee622ffd321e444b05f24d6d58466b8",
                "sha256:cee4480aaee421ed029eaa788f4049e3e26d15b5affb6a880dade6bafad38324"
            ],
            "index": "pypi",
            "version": "==3.0.9"
        },
        "flask-httpauth": {
            "hashes": [
                "sha256:3fcedb99a03985915335a38c35bfee6765cbd66d7f46440fa3b42ae94a90fac7",
                "sha256:8c7e49e53ce7dc14e66fe39b9334e4b7ceb8d0b99a6ba1c3562bb528ef9da84a"
            ],
            "index": "pypi",
            "version": "==4.2.0"
        },
        "flask-socketio": {
            "hashes": [
                "sha256:5c4319f5214ada20807857dc8fdf3dc7d2afe8d6dd38f5c516c72e2be47d2227",
                "sha256:5d9a4438bafd806c5a3b832e74b69758781a8ee26fb6c9b1dbdda9b4fced432e"
            ],
            "index": "pypi",
            "version": "==5.0.1"
        },
        "flask-sqlalchemy": {
            "hashes": [
                "sha256:05b31d2034dd3f2a685cbbae4cfc4ed906b2a733cff7964ada450fd5e462b84e",
                "sha256:bfc7150eaf809b1c283879302f04c42791136060c6eeb12c0c6674fb1291fae5"
            ],
            "index": "pypi",
            "version": "==2.4.4"
        },
        "itsdangerous": {
            "hashes": [
                "sha256:321b033d07f2a4136d3ec762eac9f16a10ccd60f53c0c91af90217ace7ba1f19",
                "sha256:b12271b2047cb23eeb98c8b5622e2e5c5e9abd9784a153e9d8ef9cb4dd09d749"
            ],
            "markers": "python_version >= '2.7' and python_version not in '3.0, 3.1, 3.2, 3.3'",
            "version": "==1.1.0"
        },
        "jinja2": {
            "hashes": [
                "sha256:89aab215427ef59c34ad58735269eb58b1a5808103067f7bb9d5836c651b3bb0",
                "sha256:f0a4641d3cf955324a89c04f3d94663aa4d638abe8f733ecd3582848e1c37035"
            ],
            "markers": "python_version >= '2.7' and python_version not in '3.0, 3.1, 3.2, 3.3, 3.4'",
            "version": "==2.11.2"
        },
        "markupsafe": {
            "hashes": [
                "sha256:00bc623926325b26bb9605ae9eae8a215691f33cae5df11ca5424f06f2d1f473",
                "sha256:09027a7803a62ca78792ad89403b1b7a73a01c8cb65909cd876f7fcebd79b161",
                "sha256:09c4b7f37d6c648cb13f9230d847adf22f8171b1ccc4d5682398e77f40309235",
                "sha256:1027c282dad077d0bae18be6794e6b6b8c91d58ed8a8d89a89d59693b9131db5",
                "sha256:13d3144e1e340870b25e7b10b98d779608c02016d5184cfb9927a9f10c689f42",
                "sha256:24982cc2533820871eba85ba648cd53d8623687ff11cbb805be4ff7b4c971aff",
                "sha256:29872e92839765e546828bb7754a68c418d927cd064fd4708fab9fe9c8bb116b",
                "sha256:43a55c2930bbc139570ac2452adf3d70cdbb3cfe5912c71cdce1c2c6bbd9c5d1",
                "sha256:46c99d2de99945ec5cb54f23c8cd5689f6d7177305ebff350a58ce5f8de1669e",
                "sha256:500d4957e52ddc3351cabf489e79c91c17f6e0899158447047588650b5e69183",
                "sha256:535f6fc4d397c1563d08b88e485c3496cf5784e927af890fb3c3aac7f933ec66",
                "sha256:596510de112c685489095da617b5bcbbac7dd6384aeebeda4df6025d0256a81b",
                "sha256:62fe6c95e3ec8a7fad637b7f3d372c15ec1caa01ab47926cfdf7a75b40e0eac1",
                "sha256:6788b695d50a51edb699cb55e35487e430fa21f1ed838122d722e0ff0ac5ba15",
                "sha256:6dd73240d2af64df90aa7c4e7481e23825ea70af4b4922f8ede5b9e35f78a3b1",
                "sha256:717ba8fe3ae9cc0006d7c451f0bb265ee07739daf76355d06366154ee68d221e",
                "sha256:79855e1c5b8da654cf486b830bd42c06e8780cea587384cf6545b7d9ac013a0b",
                "sha256:7c1699dfe0cf8ff607dbdcc1e9b9af1755371f92a68f706051cc8c37d447c905",
                "sha256:88e5fcfb52ee7b911e8bb6d6aa2fd21fbecc674eadd44118a9cc3863f938e735",
                "sha256:8defac2f2ccd6805ebf65f5eeb132adcf2ab57aa11fdf4c0dd5169a004710e7d",
                "sha256:98c7086708b163d425c67c7a91bad6e466bb99d797aa64f965e9d25c12111a5e",
                "sha256:9add70b36c5666a2ed02b43b335fe19002ee5235efd4b8a89bfcf9005bebac0d",
                "sha256:9bf40443012702a1d2070043cb6291650a0841ece432556f784f004937f0f32c",
                "sha256:ade5e387d2ad0d7ebf59146cc00c8044acbd863725f887353a10df825fc8ae21",
                "sha256:b00c1de48212e4cc9603895652c5c410df699856a2853135b3967591e4beebc2",
                "sha256:b1282f8c00509d99fef04d8ba936b156d419be841854fe901d8ae224c59f0be5",
                "sha256:b2051432115498d3562c084a49bba65d97cf251f5a331c64a12ee7e04dacc51b",
                "sha256:ba59edeaa2fc6114428f1637ffff42da1e311e29382d81b339c1817d37ec93c6",
                "sha256:c8716a48d94b06bb3b2524c2b77e055fb313aeb4ea620c8dd03a105574ba704f",
                "sha256:cd5df75523866410809ca100dc9681e301e3c27567cf498077e8551b6d20e42f",
                "sha256:cdb132fc825c38e1aeec2c8aa9338310d29d337bebbd7baa06889d09a60a1fa2",
                "sha256:e249096428b3ae81b08327a63a485ad0878de3fb939049038579ac0ef61e17e7",
                "sha256:e8313f01ba26fbbe36c7be1966a7b7424942f670f38e666995b88d012765b9be"
            ],
            "markers": "python_version >= '2.7' and python_version not in '3.0, 3.1, 3.2, 3.3'",
            "version": "==1.1.1"
        },
        "marshmallow": {
            "hashes": [
                "sha256:4ab2fdb7f36eb61c3665da67a7ce281c8900db08d72ba6bf0e695828253581f7",
                "sha256:eca81d53aa4aafbc0e20566973d0d2e50ce8bf0ee15165bb799bec0df1e50177"
            ],
            "index": "pypi",
            "version": "==3.10.0"
        },
        "marshmallow-enum": {
            "hashes": [
                "sha256:38e697e11f45a8e64b4a1e664000897c659b60aa57bfa18d44e226a9920b6e58",
                "sha256:57161ab3dbfde4f57adeb12090f39592e992b9c86d206d02f6bd03ebec60f072"
            ],
            "index": "pypi",
            "version": "==1.5.1"
        },
        "mccabe": {
            "hashes": [
                "sha256:ab8a6258860da4b6677da4bd2fe5dc2c659cff31b3ee4f7f5d64e79735b80d42",
                "sha256:dd8d182285a0fe56bace7f45b5e7d1a6ebcbf524e8f3bd87eb0f125271b8831f"
            ],
            "version": "==0.6.1"
        },
        "pycodestyle": {
            "hashes": [
                "sha256:2295e7b2f6b5bd100585ebcb1f616591b652db8a741695b3d8f5d28bdc934367",
                "sha256:c58a7d2815e0e8d7972bf1803331fb0152f867bd89adf8a01dfd55085434192e"
            ],
            "markers": "python_version >= '2.7' and python_version not in '3.0, 3.1, 3.2, 3.3'",
            "version": "==2.6.0"
        },
        "pycparser": {
            "hashes": [
                "sha256:2d475327684562c3a96cc71adf7dc8c4f0565175cf86b6d7a404ff4c771f15f0",
                "sha256:7582ad22678f0fcd81102833f60ef8d0e57288b6b5fb00323d101be910e35705"
            ],
            "markers": "python_version >= '2.7' and python_version not in '3.0, 3.1, 3.2, 3.3'",
            "version": "==2.20"
        },
        "pyflakes": {
            "hashes": [
                "sha256:0d94e0e05a19e57a99444b6ddcf9a6eb2e5c68d3ca1e98e90707af8152c90a92",
                "sha256:35b2d75ee967ea93b55750aa9edbbf72813e06a66ba54438df2cfac9e3c27fc8"
            ],
            "markers": "python_version >= '2.7' and python_version not in '3.0, 3.1, 3.2, 3.3'",
            "version": "==2.2.0"
        },
        "pymysql": {
            "hashes": [
                "sha256:263040d2779a3b84930f7ac9da5132be0fefcd6f453a885756656103f8ee1fdd",
                "sha256:44f47128dda8676e021c8d2dbb49a82be9e4ab158b9f03e897152a3a287c69ea"
            ],
            "index": "pypi",
            "version": "==0.10.1"
        },
        "python-engineio": {
            "hashes": [
                "sha256:33f7a214be5db35c867e97027bfe63676cb003d82aa17a607612b25ba5d84e5b",
                "sha256:9f34afa4170f5ba6e3d9ff158752ccf8fbb2145f16554b2f0fc84646675be99a"
            ],
            "version": "==4.0.0"
        },
        "python-socketio": {
            "hashes": [
                "sha256:870f8b00a63ef7c9a1f85fd70028624867bf246115e82625f28ef79def8847bb",
                "sha256:f53fd0d5bd9f75a70492062f4ae6195ab5d34d67a29024d740f25e468392893e"
            ],
            "version": "==5.0.4"
        },
        "pyyaml": {
            "hashes": [
                "sha256:06a0d7ba600ce0b2d2fe2e78453a470b5a6e000a985dd4a4e54e436cc36b0e97",
                "sha256:240097ff019d7c70a4922b6869d8a86407758333f02203e0fc6ff79c5dcede76",
                "sha256:4f4b913ca1a7319b33cfb1369e91e50354d6f07a135f3b901aca02aa95940bd2",
                "sha256:6034f55dab5fea9e53f436aa68fa3ace2634918e8b5994d82f3621c04ff5ed2e",
                "sha256:69f00dca373f240f842b2931fb2c7e14ddbacd1397d57157a9b005a6a9942648",
                "sha256:73f099454b799e05e5ab51423c7bcf361c58d3206fa7b0d555426b1f4d9a3eaf",
                "sha256:74809a57b329d6cc0fdccee6318f44b9b8649961fa73144a98735b0aaf029f1f",
                "sha256:7739fc0fa8205b3ee8808aea45e968bc90082c10aef6ea95e855e10abf4a37b2",
                "sha256:95f71d2af0ff4227885f7a6605c37fd53d3a106fcab511b8860ecca9fcf400ee",
                "sha256:ad9c67312c84def58f3c04504727ca879cb0013b2517c85a9a253f0cb6380c0a",
                "sha256:b8eac752c5e14d3eca0e6dd9199cd627518cb5ec06add0de9d32baeee6fe645d",
                "sha256:cc8955cfbfc7a115fa81d85284ee61147059a753344bc51098f3ccd69b0d7e0c",
                "sha256:d13155f591e6fcc1ec3b30685d50bf0711574e2c0dfffd7644babf8b5102ca1a"
            ],
            "index": "pypi",
            "version": "==5.3.1"
        },
        "r2c-py-ast": {
            "hashes": [
                "sha256:4e6a7d3debfeb5d15455f2c4d4e0d36a69a5a29fbe24b743e381dc5499ed859f",
                "sha256:a9ebe4df5d47a887f8f0104c1bfac3d0cbe44b238c308b1476429be339a8442b"
            ],
            "markers": "python_version >= '3.6' and python_version < '4.0'",
            "version": "==0.1.0b1"
        },
        "six": {
            "hashes": [
                "sha256:30639c035cdb23534cd4aa2dd52c3bf48f06e5f4a941509c8bafd8ce11080259",
                "sha256:8b74bedcbbbaca38ff6d7491d76f2b06b3592611af620f8426e82dddb04a5ced"
            ],
            "markers": "python_version >= '2.7' and python_version not in '3.0, 3.1, 3.2, 3.3'",
            "version": "==1.15.0"
        },
        "sqlalchemy": {
            "hashes": [
                "sha256:04f995fcbf54e46cddeb4f75ce9dfc17075d6ae04ac23b2bacb44b3bc6f6bf11",
                "sha256:0c6406a78a714a540d980a680b86654feadb81c8d0eecb59f3d6c554a4c69f19",
                "sha256:0c72b90988be749e04eff0342dcc98c18a14461eb4b2ad59d611b57b31120f90",
                "sha256:108580808803c7732f34798eb4a329d45b04c562ed83ee90f09f6a184a42b766",
                "sha256:1418f5e71d6081aa1095a1d6b567a562d2761996710bdce9b6e6ba20a03d0864",
                "sha256:17610d573e698bf395afbbff946544fbce7c5f4ee77b5bcb1f821b36345fae7a",
                "sha256:216ba5b4299c95ed179b58f298bda885a476b16288ab7243e89f29f6aeced7e0",
                "sha256:2ff132a379838b1abf83c065be54cef32b47c987aedd06b82fc76476c85225eb",
                "sha256:314f5042c0b047438e19401d5f29757a511cfc2f0c40d28047ca0e4c95eabb5b",
                "sha256:318b5b727e00662e5fc4b4cd2bf58a5116d7c1b4dd56ffaa7d68f43458a8d1ed",
                "sha256:3ab5b44a07b8c562c6dcb7433c6a6c6e03266d19d64f87b3333eda34e3b9936b",
                "sha256:426ece890153ccc52cc5151a1a0ed540a5a7825414139bb4c95a868d8da54a52",
                "sha256:491fe48adc07d13e020a8b07ef82eefc227003a046809c121bea81d3dbf1832d",
                "sha256:4a84c7c7658dd22a33dab2e2aa2d17c18cb004a42388246f2e87cb4085ef2811",
                "sha256:54da615e5b92c339e339fe8536cce99fe823b6ed505d4ea344852aefa1c205fb",
                "sha256:5a7f224cdb7233182cec2a45d4c633951268d6a9bcedac37abbf79dd07012aea",
                "sha256:61628715931f4962e0cdb2a7c87ff39eea320d2aa96bd471a3c293d146f90394",
                "sha256:62285607a5264d1f91590abd874d6a498e229d5840669bd7d9f654cfaa599bd0",
                "sha256:62fb881ba51dbacba9af9b779211cf9acff3442d4f2993142015b22b3cd1f92a",
                "sha256:68428818cf80c60dc04aa0f38da20ad39b28aba4d4d199f949e7d6e04444ea86",
                "sha256:6aaa13ee40c4552d5f3a59f543f0db6e31712cc4009ec7385407be4627259d41",
                "sha256:70121f0ae48b25ef3e56e477b88cd0b0af0e1f3a53b5554071aa6a93ef378a03",
                "sha256:715b34578cc740b743361f7c3e5f584b04b0f1344f45afc4e87fbac4802eb0a0",
                "sha256:758fc8c4d6c0336e617f9f6919f9daea3ab6bb9b07005eda9a1a682e24a6cacc",
                "sha256:7d4b8de6bb0bc736161cb0bbd95366b11b3eb24dd6b814a143d8375e75af9990",
                "sha256:81d8d099a49f83111cce55ec03cc87eef45eec0d90f9842b4fc674f860b857b0",
                "sha256:888d5b4b5aeed0d3449de93ea80173653e939e916cc95fe8527079e50235c1d2",
                "sha256:95bde07d19c146d608bccb9b16e144ec8f139bcfe7fd72331858698a71c9b4f5",
                "sha256:9bf572e4f5aa23f88dd902f10bb103cb5979022a38eec684bfa6d61851173fec",
                "sha256:bab5a1e15b9466a25c96cda19139f3beb3e669794373b9ce28c4cf158c6e841d",
                "sha256:bd4b1af45fd322dcd1fb2a9195b4f93f570d1a5902a842e3e6051385fac88f9c",
                "sha256:bde677047305fe76c7ee3e4492b545e0018918e44141cc154fe39e124e433991",
                "sha256:c389d7cc2b821853fb018c85457da3e7941db64f4387720a329bc7ff06a27963",
                "sha256:d055ff750fcab69ca4e57b656d9c6ad33682e9b8d564f2fbe667ab95c63591b0",
                "sha256:d53f59744b01f1440a1b0973ed2c3a7de204135c593299ee997828aad5191693",
                "sha256:f115150cc4361dd46153302a640c7fa1804ac207f9cc356228248e351a8b4676",
                "sha256:f1e88b30da8163215eab643962ae9d9252e47b4ea53404f2c4f10f24e70ddc62",
                "sha256:f8191fef303025879e6c3548ecd8a95aafc0728c764ab72ec51a0bdf0c91a341"
            ],
            "index": "pypi",
            "version": "==1.3.22"
        },
        "sqlalchemy-utils": {
            "hashes": [
                "sha256:fb66e9956e41340011b70b80f898fde6064ec1817af77199ee21ace71d7d6ab0"
            ],
            "index": "pypi",
            "version": "==0.36.8"
        },
        "unidecode": {
            "hashes": [
                "sha256:4c9d15d2f73eb0d2649a151c566901f80a030da1ccb0a2043352e1dbf647586b",
                "sha256:a039f89014245e0cad8858976293e23501accc9ff5a7bdbc739a14a2b7b85cdc"
            ],
            "index": "pypi",
            "version": "==1.1.2"
        },
        "werkzeug": {
            "hashes": [
                "sha256:2de2a5db0baeae7b2d2664949077c2ac63fbd16d98da0ff71837f7d1dea3fd43",
                "sha256:6c80b1e5ad3665290ea39320b91e1be1e0d5f60652b964a3070216de83d2e47c"
            ],
            "markers": "python_version >= '2.7' and python_version not in '3.0, 3.1, 3.2, 3.3, 3.4'",
            "version": "==1.0.1"
        }
    },
    "develop": {}
}
